
Microsoft Visual Studio Solution File, Format Version 12.00
# Visual Studio 15
VisualStudioVersion = 15.0.26124.0
MinimumVisualStudioVersion = 15.0.26124.0
Project("{FAE04EC0-301F-11D3-BF4B-00C04F79EFBC}") = "IdentityServer", "IdentityServer\IdentityServer.csproj", "{981BF702-5D17-4531-A17E-67C06B2BDB0B}"
EndProject
Project("{FAE04EC0-301F-11D3-BF4B-00C04F79EFBC}") = "WebApi", "WebApi\WebApi.csproj", "{4C4D4598-4CB5-4DE9-BDAB-A70FFECAD90E}"
EndProject
Project("{FAE04EC0-301F-11D3-BF4B-00C04F79EFBC}") = "MvcApp", "MvcApp\MvcApp.csproj", "{6E405CDE-3549-4BE2-BD23-A494CEF743B7}"
EndProject
Global
	GlobalSection(SolutionConfigurationPlatforms) = preSolution
		Debug|Any CPU = Debug|Any CPU
		Debug|x64 = Debug|x64
		Debug|x86 = Debug|x86
		Release|Any CPU = Release|Any CPU
		Release|x64 = Release|x64
		Release|x86 = Release|x86
	EndGlobalSection
	GlobalSection(SolutionProperties) = preSolution
		HideSolutionNode = FALSE
	EndGlobalSection
	GlobalSection(ProjectConfigurationPlatforms) = postSolution
		{981BF702-5D17-4531-A17E-67C06B2BDB0B}.Debug|Any CPU.ActiveCfg = Debug|Any CPU
		{981BF702-5D17-4531-A17E-67C06B2BDB0B}.Debug|Any CPU.Build.0 = Debug|Any CPU
		{981BF702-5D17-4531-A17E-67C06B2BDB0B}.Debug|x64.ActiveCfg = Debug|Any CPU
		{981BF702-5D17-4531-A17E-67C06B2BDB0B}.Debug|x64.Build.0 = Debug|Any CPU
		{981BF702-5D17-4531-A17E-67C06B2BDB0B}.Debug|x86.ActiveCfg = Debug|Any CPU
		{981BF702-5D17-4531-A17E-67C06B2BDB0B}.Debug|x86.Build.0 = Debug|Any CPU
		{981BF702-5D17-4531-A17E-67C06B2BDB0B}.Release|Any CPU.ActiveCfg = Release|Any CPU
		{981BF702-5D17-4531-A17E-67C06B2BDB0B}.Release|Any CPU.Build.0 = Release|Any CPU
		{981BF702-5D17-4531-A17E-67C06B2BDB0B}.Release|x64.ActiveCfg = Release|Any CPU
		{981BF702-5D17-4531-A17E-67C06B2BDB0B}.Release|x64.Build.0 = Release|Any CPU
		{981BF702-5D17-4531-A17E-67C06B2BDB0B}.Release|x86.ActiveCfg = Release|Any CPU
		{981BF702-5D17-4531-A17E-67C06B2BDB0B}.Release|x86.Build.0 = Release|Any CPU
		{4C4D4598-4CB5-4DE9-BDAB-A70FFECAD90E}.Debug|Any CPU.ActiveCfg = Debug|Any CPU
		{4C4D4598-4CB5-4DE9-BDAB-A70FFECAD90E}.Debug|Any CPU.Build.0 = Debug|Any CPU
		{4C4D4598-4CB5-4DE9-BDAB-A70FFECAD90E}.Debug|x64.ActiveCfg = Debug|Any CPU
		{4C4D4598-4CB5-4DE9-BDAB-A70FFECAD90E}.Debug|x64.Build.0 = Debug|Any CPU
		{4C4D4598-4CB5-4DE9-BDAB-A70FFECAD90E}.Debug|x86.ActiveCfg = Debug|Any CPU
		{4C4D4598-4CB5-4DE9-BDAB-A70FFECAD90E}.Debug|x86.Build.0 = Debug|Any CPU
		{4C4D4598-4CB5-4DE9-BDAB-A70FFECAD90E}.Release|Any CPU.ActiveCfg = Release|Any CPU
		{4C4D4598-4CB5-4DE9-BDAB-A70FFECAD90E}.Release|Any CPU.Build.0 = Release|Any CPU
		{4C4D4598-4CB5-4DE9-BDAB-A70FFECAD90E}.Release|x64.ActiveCfg = Release|Any CPU
		{4C4D4598-4CB5-4DE9-BDAB-A70FFECAD90E}.Release|x64.Build.0 = Release|Any CPU
		{4C4D4598-4CB5-4DE9-BDAB-A70FFECAD90E}.Release|x86.ActiveCfg = Release|Any CPU
		{4C4D4598-4CB5-4DE9-BDAB-A70FFECAD90E}.Release|x86.Build.0 = Release|Any CPU
		{6E405CDE-3549-4BE2-BD23-A494CEF743B7}.Debug|Any CPU.ActiveCfg = Debug|Any CPU
		{6E405CDE-3549-4BE2-BD23-A494CEF743B7}.Debug|Any CPU.Build.0 = Debug|Any CPU
		{6E405CDE-3549-4BE2-BD23-A494CEF743B7}.Debug|x64.ActiveCfg = Debug|Any CPU
		{6E405CDE-3549-4BE2-BD23-A494CEF743B7}.Debug|x64.Build.0 = Debug|Any CPU
		{6E405CDE-3549-4BE2-BD23-A494CEF743B7}.Debug|x86.ActiveCfg = Debug|Any CPU
		{6E405CDE-3549-4BE2-BD23-A494CEF743B7}.Debug|x86.Build.0 = Debug|Any CPU
		{6E405CDE-3549-4BE2-BD23-A494CEF743B7}.Release|Any CPU.ActiveCfg = Release|Any CPU
		{6E405CDE-3549-4BE2-BD23-A494CEF743B7}.Release|Any CPU.Build.0 = Release|Any CPU
		{6E405CDE-3549-4BE2-BD23-A494CEF743B7}.Release|x64.ActiveCfg = Release|Any CPU
		{6E405CDE-3549-4BE2-BD23-A494CEF743B7}.Release|x64.Build.0 = Release|Any CPU
		{6E405CDE-3549-4BE2-BD23-A494CEF743B7}.Release|x86.ActiveCfg = Release|Any CPU
		{6E405CDE-3549-4BE2-BD23-A494CEF743B7}.Release|x86.Build.0 = Release|Any CPU
	EndGlobalSection
EndGlobal
